
Microsoft Visual Studio Solution File, Format Version 11.00
# Visual Studio 2010
Project("{FAE04EC0-301F-11D3-BF4B-00C04F79EFBC}") = "Assembly-CSharp", "Assembly-CSharp.csproj", "{5EBE5012-B1D9-0121-1F69-4A119F56F9A8}"
EndProject
Project("{FAE04EC0-301F-11D3-BF4B-00C04F79EFBC}") = "Assembly-CSharp-Editor", "Assembly-CSharp-Editor.csproj", "{627399D3-E2FE-A4B2-F802-18B793F6964E}"
EndProject
Global
	GlobalSection(SolutionConfigurationPlatforms) = preSolution
		Debug|Any CPU = Debug|Any CPU
		Release|Any CPU = Release|Any CPU
	EndGlobalSection
	GlobalSection(ProjectConfigurationPlatforms) = postSolution
		{5EBE5012-B1D9-0121-1F69-4A119F56F9A8}.Debug|Any CPU.ActiveCfg = Debug|Any CPU
		{5EBE5012-B1D9-0121-1F69-4A119F56F9A8}.Debug|Any CPU.Build.0 = Debug|Any CPU
		{5EBE5012-B1D9-0121-1F69-4A119F56F9A8}.Release|Any CPU.ActiveCfg = Release|Any CPU
		{5EBE5012-B1D9-0121-1F69-4A119F56F9A8}.Release|Any CPU.Build.0 = Release|Any CPU
		{627399D3-E2FE-A4B2-F802-18B793F6964E}.Debug|Any CPU.ActiveCfg = Debug|Any CPU
		{627399D3-E2FE-A4B2-F802-18B793F6964E}.Debug|Any CPU.Build.0 = Debug|Any CPU
		{627399D3-E2FE-A4B2-F802-18B793F6964E}.Release|Any CPU.ActiveCfg = Release|Any CPU
		{627399D3-E2FE-A4B2-F802-18B793F6964E}.Release|Any CPU.Build.0 = Release|Any CPU
	EndGlobalSection
	GlobalSection(SolutionProperties) = preSolution
		HideSolutionNode = FALSE
	EndGlobalSection
EndGlobal
